PODS:
  - OHHTTPStubs/Core (9.1.0)
  - OHHTTPStubs/Default (9.1.0):
    - OHHTTPStubs/Core
    - OHHTTPStubs/JSON
    - OHHTTPStubs/NSURLSession
    - OHHTTPStubs/OHPathHelpers
  - OHHTTPStubs/JSON (9.1.0):
    - OHHTTPStubs/Core
  - OHHTTPStubs/NSURLSession (9.1.0):
    - OHHTTPStubs/Core
  - OHHTTPStubs/OHPathHelpers (9.1.0)
  - OHHTTPStubs/Swift (9.1.0):
    - OHHTTPStubs/Default
  - SDWebImage (5.11.1):
    - SDWebImage/Core (= 5.11.1)
  - SDWebImage/Core (5.11.1)
  - SwiftLint (0.47.0)
  - SwiftyFORM (1.8.6)
  - Swinject (2.7.1)
  - SwinjectStoryboard (2.2.1):
    - Swinject (~> 2.7.1)

DEPENDENCIES:
  - OHHTTPStubs/Swift
  - SDWebImage
  - SwiftLint
  - SwiftyFORM
  - Swinject
  - SwinjectStoryboard

SPEC REPOS:
  trunk:
    - OHHTTPStubs
    - SDWebImage
    - SwiftLint
    - SwiftyFORM
    - Swinject
    - SwinjectStoryboard

SPEC CHECKSUMS:
  OHHTTPStubs: 90eac6d8f2c18317baeca36698523dc67c513831
  SDWebImage: a7f831e1a65eb5e285e3fb046a23fcfbf08e696d
  SwiftLint: d41cc46a2ae58ac6d9f26954bc89f1d72e71fdef
  SwiftyFORM: 9e8693193e626cf70940641433c810ba1ef3f53b
  Swinject: ddf78b8486dd9b71a667b852cad919ab4484478e
  SwinjectStoryboard: fe54ea9494a75348b1f3126e5e278e674f5684ad

PODFILE CHECKSUM: 90e1fccd39661eeb3885a028b8272e6d5de6438c

COCOAPODS: 1.11.3
