// !$*UTF8*$!
{
	archiveVersion = 1;
	classes = {
	};
	objectVersion = 51;
	objects = {

/* Begin PBXBuildFile section */
		A56A136D2688D22B0099127C /* LoginRequestModel.swift in Sources */ = {isa = PBXBuildFile; fileRef = A56A136C2688D22B0099127C /* LoginRequestModel.swift */; };
		A56A136F2688D2450099127C /* UserService.swift in Sources */ = {isa = PBXBuildFile; fileRef = A56A136E2688D2450099127C /* UserService.swift */; };
		A56A13712688D7ED0099127C /* LoginResponseModel.swift in Sources */ = {isa = PBXBuildFile; fileRef = A56A13702688D7ED0099127C /* LoginResponseModel.swift */; };
		A56A13752688DDED0099127C /* LoginViewModel.swift in Sources */ = {isa = PBXBuildFile; fileRef = A56A13742688DDED0099127C /* LoginViewModel.swift */; };
		A56A13772688DE390099127C /* UserPresenter.swift in Sources */ = {isa = PBXBuildFile; fileRef = A56A13762688DE390099127C /* UserPresenter.swift */; };
		A5D24FB32688D11000F8A0DA /* AppDelegate.swift in Sources */ = {isa = PBXBuildFile; fileRef = A5D24FB22688D11000F8A0DA /* AppDelegate.swift */; };
		A5D24FB52688D11000F8A0DA /* SceneDelegate.swift in Sources */ = {isa = PBXBuildFile; fileRef = A5D24FB42688D11000F8A0DA /* SceneDelegate.swift */; };
		A5D24FB72688D11000F8A0DA /* ViewController.swift in Sources */ = {isa = PBXBuildFile; fileRef = A5D24FB62688D11000F8A0DA /* ViewController.swift */; };
		A5D24FBA2688D11000F8A0DA /* Main.storyboard in Resources */ = {isa = PBXBuildFile; fileRef = A5D24FB82688D11000F8A0DA /* Main.storyboard */; };
		A5D24FBC2688D11000F8A0DA /* Assets.xcassets in Resources */ = {isa = PBXBuildFile; fileRef = A5D24FBB2688D11000F8A0DA /* Assets.xcassets */; };
		A5D24FBF2688D11000F8A0DA /* LaunchScreen.storyboard in Resources */ = {isa = PBXBuildFile; fileRef = A5D24FBD2688D11000F8A0DA /* LaunchScreen.storyboard */; };
		C458DCD3742C3F1B4FFB1165 /* Pods_GameNet_UIKit.framework in Frameworks */ = {isa = PBXBuildFile; fileRef = 50D5C225997AC8F04B948149 /* Pods_GameNet_UIKit.framework */; };
/* End PBXBuildFile section */

/* Begin PBXFileReference section */
		50D5C225997AC8F04B948149 /* Pods_GameNet_UIKit.framework */ = {isa = PBXFileReference; explicitFileType = wrapper.framework; includeInIndex = 0; path = Pods_GameNet_UIKit.framework; sourceTree = BUILT_PRODUCTS_DIR; };
		614D9AA234558E6FFAD6F277 /* Pods-GameNet.UIKit.release.xcconfig */ = {isa = PBXFileReference; includeInIndex = 1; lastKnownFileType = text.xcconfig; name = "Pods-GameNet.UIKit.release.xcconfig"; path = "Target Support Files/Pods-GameNet.UIKit/Pods-GameNet.UIKit.release.xcconfig"; sourceTree = "<group>"; };
		A56A136C2688D22B0099127C /* LoginRequestModel.swift */ = {isa = PBXFileReference; lastKnownFileType = sourcecode.swift; path = LoginRequestModel.swift; sourceTree = "<group>"; };
		A56A136E2688D2450099127C /* UserService.swift */ = {isa = PBXFileReference; lastKnownFileType = sourcecode.swift; path = UserService.swift; sourceTree = "<group>"; };
		A56A13702688D7ED0099127C /* LoginResponseModel.swift */ = {isa = PBXFileReference; lastKnownFileType = sourcecode.swift; path = LoginResponseModel.swift; sourceTree = "<group>"; };
		A56A13742688DDED0099127C /* LoginViewModel.swift */ = {isa = PBXFileReference; lastKnownFileType = sourcecode.swift; path = LoginViewModel.swift; sourceTree = "<group>"; };
		A56A13762688DE390099127C /* UserPresenter.swift */ = {isa = PBXFileReference; lastKnownFileType = sourcecode.swift; path = UserPresenter.swift; sourceTree = "<group>"; };
		A5D24FAF2688D11000F8A0DA /* GameNet.UIKit.app */ = {isa = PBXFileReference; explicitFileType = wrapper.application; includeInIndex = 0; path = GameNet.UIKit.app; sourceTree = BUILT_PRODUCTS_DIR; };
		A5D24FB22688D11000F8A0DA /* AppDelegate.swift */ = {isa = PBXFileReference; lastKnownFileType = sourcecode.swift; path = AppDelegate.swift; sourceTree = "<group>"; };
		A5D24FB42688D11000F8A0DA /* SceneDelegate.swift */ = {isa = PBXFileReference; lastKnownFileType = sourcecode.swift; path = SceneDelegate.swift; sourceTree = "<group>"; };
		A5D24FB62688D11000F8A0DA /* ViewController.swift */ = {isa = PBXFileReference; lastKnownFileType = sourcecode.swift; path = ViewController.swift; sourceTree = "<group>"; };
		A5D24FB92688D11000F8A0DA /* Base */ = {isa = PBXFileReference; lastKnownFileType = file.storyboard; name = Base; path = Base.lproj/Main.storyboard; sourceTree = "<group>"; };
		A5D24FBB2688D11000F8A0DA /* Assets.xcassets */ = {isa = PBXFileReference; lastKnownFileType = folder.assetcatalog; path = Assets.xcassets; sourceTree = "<group>"; };
		A5D24FBE2688D11000F8A0DA /* Base */ = {isa = PBXFileReference; lastKnownFileType = file.storyboard; name = Base; path = Base.lproj/LaunchScreen.storyboard; sourceTree = "<group>"; };
		A5D24FC02688D11000F8A0DA /* Info.plist */ = {isa = PBXFileReference; lastKnownFileType = text.plist.xml; path = Info.plist; sourceTree = "<group>"; };
		B8B59C1007C5D343B8EC15BE /* Pods-GameNet.UIKit.debug.xcconfig */ = {isa = PBXFileReference; includeInIndex = 1; lastKnownFileType = text.xcconfig; name = "Pods-GameNet.UIKit.debug.xcconfig"; path = "Target Support Files/Pods-GameNet.UIKit/Pods-GameNet.UIKit.debug.xcconfig"; sourceTree = "<group>"; };
/* End PBXFileReference section */

/* Begin PBXFrameworksBuildPhase section */
		A5D24FAC2688D11000F8A0DA /* Frameworks */ = {
			isa = PBXFrameworksBuildPhase;
			buildActionMask = 2147483647;
			files = (
				C458DCD3742C3F1B4FFB1165 /* Pods_GameNet_UIKit.framework in Frameworks */,
			);
			runOnlyForDeploymentPostprocessing = 0;
		};
/* End PBXFrameworksBuildPhase section */

/* Begin PBXGroup section */
		A56A13682688D2010099127C /* Models */ = {
			isa = PBXGroup;
			children = (
				A56A136C2688D22B0099127C /* LoginRequestModel.swift */,
				A56A13702688D7ED0099127C /* LoginResponseModel.swift */,
			);
			path = Models;
			sourceTree = "<group>";
		};
		A56A13692688D2060099127C /* Presenters */ = {
			isa = PBXGroup;
			children = (
				A56A13762688DE390099127C /* UserPresenter.swift */,
			);
			path = Presenters;
			sourceTree = "<group>";
		};
		A56A136A2688D20D0099127C /* Views */ = {
			isa = PBXGroup;
			children = (
				A5D24FB62688D11000F8A0DA /* ViewController.swift */,
			);
			path = Views;
			sourceTree = "<group>";
		};
		A56A136B2688D2150099127C /* Services */ = {
			isa = PBXGroup;
			children = (
				A56A136E2688D2450099127C /* UserService.swift */,
			);
			path = Services;
			sourceTree = "<group>";
		};
		A56A13722688DDC50099127C /* ViewModels */ = {
			isa = PBXGroup;
			children = (
				A56A13742688DDED0099127C /* LoginViewModel.swift */,
			);
			path = ViewModels;
			sourceTree = "<group>";
		};
		A5D24FA62688D11000F8A0DA = {
			isa = PBXGroup;
			children = (
				A5D24FB12688D11000F8A0DA /* GameNet.UIKit */,
				A5D24FB02688D11000F8A0DA /* Products */,
				FD4F5B5CFACB834AA5B6C7A5 /* Pods */,
				AB3E9DD3D5523EF4884309DB /* Frameworks */,
			);
			sourceTree = "<group>";
		};
		A5D24FB02688D11000F8A0DA /* Products */ = {
			isa = PBXGroup;
			children = (
				A5D24FAF2688D11000F8A0DA /* GameNet.UIKit.app */,
			);
			name = Products;
			sourceTree = "<group>";
		};
		A5D24FB12688D11000F8A0DA /* GameNet.UIKit */ = {
			isa = PBXGroup;
			children = (
				A5D24FB22688D11000F8A0DA /* AppDelegate.swift */,
				A5D24FB42688D11000F8A0DA /* SceneDelegate.swift */,
				A56A136B2688D2150099127C /* Services */,
				A56A136A2688D20D0099127C /* Views */,
				A56A13692688D2060099127C /* Presenters */,
				A56A13682688D2010099127C /* Models */,
				A56A13722688DDC50099127C /* ViewModels */,
				A5D24FB82688D11000F8A0DA /* Main.storyboard */,
				A5D24FBB2688D11000F8A0DA /* Assets.xcassets */,
				A5D24FBD2688D11000F8A0DA /* LaunchScreen.storyboard */,
				A5D24FC02688D11000F8A0DA /* Info.plist */,
			);
			path = GameNet.UIKit;
			sourceTree = "<group>";
		};
		AB3E9DD3D5523EF4884309DB /* Frameworks */ = {
			isa = PBXGroup;
			children = (
				50D5C225997AC8F04B948149 /* Pods_GameNet_UIKit.framework */,
			);
			name = Frameworks;
			sourceTree = "<group>";
		};
		FD4F5B5CFACB834AA5B6C7A5 /* Pods */ = {
			isa = PBXGroup;
			children = (
				B8B59C1007C5D343B8EC15BE /* Pods-GameNet.UIKit.debug.xcconfig */,
				614D9AA234558E6FFAD6F277 /* Pods-GameNet.UIKit.release.xcconfig */,
			);
			path = Pods;
			sourceTree = "<group>";
		};
/* End PBXGroup section */

/* Begin PBXNativeTarget section */
		A5D24FAE2688D11000F8A0DA /* GameNet.UIKit */ = {
			isa = PBXNativeTarget;
			buildConfigurationList = A5D24FC32688D11000F8A0DA /* Build configuration list for PBXNativeTarget "GameNet.UIKit" */;
			buildPhases = (
				054B9FDA8F0951AAF03A021D /* [CP] Check Pods Manifest.lock */,
				A5D24FAB2688D11000F8A0DA /* Sources */,
				A5D24FAC2688D11000F8A0DA /* Frameworks */,
				A5D24FAD2688D11000F8A0DA /* Resources */,
				FB9F980678E7649B034D1799 /* [CP] Embed Pods Frameworks */,
			);
			buildRules = (
			);
			dependencies = (
			);
			name = GameNet.UIKit;
			productName = GameNet.UIKit;
			productReference = A5D24FAF2688D11000F8A0DA /* GameNet.UIKit.app */;
			productType = "com.apple.product-type.application";
		};
/* End PBXNativeTarget section */

/* Begin PBXProject section */
		A5D24FA72688D11000F8A0DA /* Project object */ = {
			isa = PBXProject;
			attributes = {
				LastSwiftUpdateCheck = 1250;
				LastUpgradeCheck = 1250;
				TargetAttributes = {
					A5D24FAE2688D11000F8A0DA = {
						CreatedOnToolsVersion = 12.5.1;
					};
				};
			};
			buildConfigurationList = A5D24FAA2688D11000F8A0DA /* Build configuration list for PBXProject "GameNet.UIKit" */;
			compatibilityVersion = "Xcode 9.3";
			developmentRegion = en;
			hasScannedForEncodings = 0;
			knownRegions = (
				en,
				Base,
			);
			mainGroup = A5D24FA62688D11000F8A0DA;
			productRefGroup = A5D24FB02688D11000F8A0DA /* Products */;
			projectDirPath = "";
			projectRoot = "";
			targets = (
				A5D24FAE2688D11000F8A0DA /* GameNet.UIKit */,
			);
		};
/* End PBXProject section */

/* Begin PBXResourcesBuildPhase section */
		A5D24FAD2688D11000F8A0DA /* Resources */ = {
			isa = PBXResourcesBuildPhase;
			buildActionMask = 2147483647;
			files = (
				A5D24FBF2688D11000F8A0DA /* LaunchScreen.storyboard in Resources */,
				A5D24FBC2688D11000F8A0DA /* Assets.xcassets in Resources */,
				A5D24FBA2688D11000F8A0DA /* Main.storyboard in Resources */,
			);
			runOnlyForDeploymentPostprocessing = 0;
		};
/* End PBXResourcesBuildPhase section */

/* Begin PBXShellScriptBuildPhase section */
		054B9FDA8F0951AAF03A021D /* [CP] Check Pods Manifest.lock */ = {
			isa = PBXShellScriptBuildPhase;
			buildActionMask = 2147483647;
			files = (
			);
			inputFileListPaths = (
			);
			inputPaths = (
				"${PODS_PODFILE_DIR_PATH}/Podfile.lock",
				"${PODS_ROOT}/Manifest.lock",
			);
			name = "[CP] Check Pods Manifest.lock";
			outputFileListPaths = (
			);
			outputPaths = (
				"$(DERIVED_FILE_DIR)/Pods-GameNet.UIKit-checkManifestLockResult.txt",
			);
			runOnlyForDeploymentPostprocessing = 0;
			shellPath = /bin/sh;
			shellScript = "diff \"${PODS_PODFILE_DIR_PATH}/Podfile.lock\" \"${PODS_ROOT}/Manifest.lock\" > /dev/null\nif [ $? != 0 ] ; then\n    # print error to STDERR\n    echo \"error: The sandbox is not in sync with the Podfile.lock. Run 'pod install' or update your CocoaPods installation.\" >&2\n    exit 1\nfi\n# This output is used by Xcode 'outputs' to avoid re-running this script phase.\necho \"SUCCESS\" > \"${SCRIPT_OUTPUT_FILE_0}\"\n";
			showEnvVarsInLog = 0;
		};
		FB9F980678E7649B034D1799 /* [CP] Embed Pods Frameworks */ = {
			isa = PBXShellScriptBuildPhase;
			buildActionMask = 2147483647;
			files = (
			);
			inputFileListPaths = (
				"${PODS_ROOT}/Target Support Files/Pods-GameNet.UIKit/Pods-GameNet.UIKit-frameworks-${CONFIGURATION}-input-files.xcfilelist",
			);
			name = "[CP] Embed Pods Frameworks";
			outputFileListPaths = (
				"${PODS_ROOT}/Target Support Files/Pods-GameNet.UIKit/Pods-GameNet.UIKit-frameworks-${CONFIGURATION}-output-files.xcfilelist",
			);
			runOnlyForDeploymentPostprocessing = 0;
			shellPath = /bin/sh;
			shellScript = "\"${PODS_ROOT}/Target Support Files/Pods-GameNet.UIKit/Pods-GameNet.UIKit-frameworks.sh\"\n";
			showEnvVarsInLog = 0;
		};
/* End PBXShellScriptBuildPhase section */

/* Begin PBXSourcesBuildPhase section */
		A5D24FAB2688D11000F8A0DA /* Sources */ = {
			isa = PBXSourcesBuildPhase;
			buildActionMask = 2147483647;
			files = (
				A56A13712688D7ED0099127C /* LoginResponseModel.swift in Sources */,
				A5D24FB72688D11000F8A0DA /* ViewController.swift in Sources */,
				A56A136F2688D2450099127C /* UserService.swift in Sources */,
				A56A136D2688D22B0099127C /* LoginRequestModel.swift in Sources */,
				A5D24FB32688D11000F8A0DA /* AppDelegate.swift in Sources */,
				A56A13772688DE390099127C /* UserPresenter.swift in Sources */,
				A5D24FB52688D11000F8A0DA /* SceneDelegate.swift in Sources */,
				A56A13752688DDED0099127C /* LoginViewModel.swift in Sources */,
			);
			runOnlyForDeploymentPostprocessing = 0;
		};
/* End PBXSourcesBuildPhase section */

/* Begin PBXVariantGroup section */
		A5D24FB82688D11000F8A0DA /* Main.storyboard */ = {
			isa = PBXVariantGroup;
			children = (
				A5D24FB92688D11000F8A0DA /* Base */,
			);
			name = Main.storyboard;
			sourceTree = "<group>";
		};
		A5D24FBD2688D11000F8A0DA /* LaunchScreen.storyboard */ = {
			isa = PBXVariantGroup;
			children = (
				A5D24FBE2688D11000F8A0DA /* Base */,
			);
			name = LaunchScreen.storyboard;
			sourceTree = "<group>";
		};
/* End PBXVariantGroup section */

/* Begin XCBuildConfiguration section */
		A5D24FC12688D11000F8A0DA /* Debug */ = {
			isa = XCBuildConfiguration;
			buildSettings = {
				ALWAYS_SEARCH_USER_PATHS = NO;
				CLANG_ANALYZER_NONNULL = YES;
				CLANG_ANALYZER_NUMBER_OBJECT_CONVERSION = YES_AGGRESSIVE;
				CLANG_CXX_LANGUAGE_STANDARD = "gnu++14";
				CLANG_CXX_LIBRARY = "libc++";
				CLANG_ENABLE_MODULES = YES;
				CLANG_ENABLE_OBJC_ARC = YES;
				CLANG_ENABLE_OBJC_WEAK = YES;
				CLANG_WARN_BLOCK_CAPTURE_AUTORELEASING = YES;
				CLANG_WARN_BOOL_CONVERSION = YES;
				CLANG_WARN_COMMA = YES;
				CLANG_WARN_CONSTANT_CONVERSION = YES;
				CLANG_WARN_DEPRECATED_OBJC_IMPLEMENTATIONS = YES;
				CLANG_WARN_DIRECT_OBJC_ISA_USAGE = YES_ERROR;
				CLANG_WARN_DOCUMENTATION_COMMENTS = YES;
				CLANG_WARN_EMPTY_BODY = YES;
				CLANG_WARN_ENUM_CONVERSION = YES;
				CLANG_WARN_INFINITE_RECURSION = YES;
				CLANG_WARN_INT_CONVERSION = YES;
				CLANG_WARN_NON_LITERAL_NULL_CONVERSION = YES;
				CLANG_WARN_OBJC_IMPLICIT_RETAIN_SELF = YES;
				CLANG_WARN_OBJC_LITERAL_CONVERSION = YES;
				CLANG_WARN_OBJC_ROOT_CLASS = YES_ERROR;
				CLANG_WARN_QUOTED_INCLUDE_IN_FRAMEWORK_HEADER = YES;
				CLANG_WARN_RANGE_LOOP_ANALYSIS = YES;
				CLANG_WARN_STRICT_PROTOTYPES = YES;
				CLANG_WARN_SUSPICIOUS_MOVE = YES;
				CLANG_WARN_UNGUARDED_AVAILABILITY = YES_AGGRESSIVE;
				CLANG_WARN_UNREACHABLE_CODE = YES;
				CLANG_WARN__DUPLICATE_METHOD_MATCH = YES;
				COPY_PHASE_STRIP = NO;
				DEBUG_INFORMATION_FORMAT = dwarf;
				ENABLE_STRICT_OBJC_MSGSEND = YES;
				ENABLE_TESTABILITY = YES;
				GCC_C_LANGUAGE_STANDARD = gnu11;
				GCC_DYNAMIC_NO_PIC = NO;
				GCC_NO_COMMON_BLOCKS = YES;
				GCC_OPTIMIZATION_LEVEL = 0;
				GCC_PREPROCESSOR_DEFINITIONS = (
					"DEBUG=1",
					"$(inherited)",
				);
				GCC_WARN_64_TO_32_BIT_CONVERSION = YES;
				GCC_WARN_ABOUT_RETURN_TYPE = YES_ERROR;
				GCC_WARN_UNDECLARED_SELECTOR = YES;
				GCC_WARN_UNINITIALIZED_AUTOS = YES_AGGRESSIVE;
				GCC_WARN_UNUSED_FUNCTION = YES;
				GCC_WARN_UNUSED_VARIABLE = YES;
				IPHONEOS_DEPLOYMENT_TARGET = 14.5;
				MTL_ENABLE_DEBUG_INFO = INCLUDE_SOURCE;
				MTL_FAST_MATH = YES;
				ONLY_ACTIVE_ARCH = YES;
				SDKROOT = iphoneos;
				SWIFT_ACTIVE_COMPILATION_CONDITIONS = DEBUG;
				SWIFT_OPTIMIZATION_LEVEL = "-Onone";
			};
			name = Debug;
		};
		A5D24FC22688D11000F8A0DA /* Release */ = {
			isa = XCBuildConfiguration;
			buildSettings = {
				ALWAYS_SEARCH_USER_PATHS = NO;
				CLANG_ANALYZER_NONNULL = YES;
				CLANG_ANALYZER_NUMBER_OBJECT_CONVERSION = YES_AGGRESSIVE;
				CLANG_CXX_LANGUAGE_STANDARD = "gnu++14";
				CLANG_CXX_LIBRARY = "libc++";
				CLANG_ENABLE_MODULES = YES;
				CLANG_ENABLE_OBJC_ARC = YES;
				CLANG_ENABLE_OBJC_WEAK = YES;
				CLANG_WARN_BLOCK_CAPTURE_AUTORELEASING = YES;
				CLANG_WARN_BOOL_CONVERSION = YES;
				CLANG_WARN_COMMA = YES;
				CLANG_WARN_CONSTANT_CONVERSION = YES;
				CLANG_WARN_DEPRECATED_OBJC_IMPLEMENTATIONS = YES;
				CLANG_WARN_DIRECT_OBJC_ISA_USAGE = YES_ERROR;
				CLANG_WARN_DOCUMENTATION_COMMENTS = YES;
				CLANG_WARN_EMPTY_BODY = YES;
				CLANG_WARN_ENUM_CONVERSION = YES;
				CLANG_WARN_INFINITE_RECURSION = YES;
				CLANG_WARN_INT_CONVERSION = YES;
				CLANG_WARN_NON_LITERAL_NULL_CONVERSION = YES;
				CLANG_WARN_OBJC_IMPLICIT_RETAIN_SELF = YES;
				CLANG_WARN_OBJC_LITERAL_CONVERSION = YES;
				CLANG_WARN_OBJC_ROOT_CLASS = YES_ERROR;
				CLANG_WARN_QUOTED_INCLUDE_IN_FRAMEWORK_HEADER = YES;
				CLANG_WARN_RANGE_LOOP_ANALYSIS = YES;
				CLANG_WARN_STRICT_PROTOTYPES = YES;
				CLANG_WARN_SUSPICIOUS_MOVE = YES;
				CLANG_WARN_UNGUARDED_AVAILABILITY = YES_AGGRESSIVE;
				CLANG_WARN_UNREACHABLE_CODE = YES;
				CLANG_WARN__DUPLICATE_METHOD_MATCH = YES;
				COPY_PHASE_STRIP = NO;
				DEBUG_INFORMATION_FORMAT = "dwarf-with-dsym";
				ENABLE_NS_ASSERTIONS = NO;
				ENABLE_STRICT_OBJC_MSGSEND = YES;
				GCC_C_LANGUAGE_STANDARD = gnu11;
				GCC_NO_COMMON_BLOCKS = YES;
				GCC_WARN_64_TO_32_BIT_CONVERSION = YES;
				GCC_WARN_ABOUT_RETURN_TYPE = YES_ERROR;
				GCC_WARN_UNDECLARED_SELECTOR = YES;
				GCC_WARN_UNINITIALIZED_AUTOS = YES_AGGRESSIVE;
				GCC_WARN_UNUSED_FUNCTION = YES;
				GCC_WARN_UNUSED_VARIABLE = YES;
				IPHONEOS_DEPLOYMENT_TARGET = 14.5;
				MTL_ENABLE_DEBUG_INFO = NO;
				MTL_FAST_MATH = YES;
				SDKROOT = iphoneos;
				SWIFT_COMPILATION_MODE = wholemodule;
				SWIFT_OPTIMIZATION_LEVEL = "-O";
				VALIDATE_PRODUCT = YES;
			};
			name = Release;
		};
		A5D24FC42688D11000F8A0DA /* Debug */ = {
			isa = XCBuildConfiguration;
			baseConfigurationReference = B8B59C1007C5D343B8EC15BE /* Pods-GameNet.UIKit.debug.xcconfig */;
			buildSettings = {
				ASSETCATALOG_COMPILER_APPICON_NAME = AppIcon;
				ASSETCATALOG_COMPILER_GLOBAL_ACCENT_COLOR_NAME = AccentColor;
				CODE_SIGN_STYLE = Automatic;
				DEVELOPMENT_TEAM = KB2R5P3BHU;
				INFOPLIST_FILE = GameNet.UIKit/Info.plist;
				LD_RUNPATH_SEARCH_PATHS = (
					"$(inherited)",
					"@executable_path/Frameworks",
				);
				PRODUCT_BUNDLE_IDENTIFIER = "com.alliston.GameNet-UIKit";
				PRODUCT_NAME = "$(TARGET_NAME)";
				SWIFT_VERSION = 5.0;
				TARGETED_DEVICE_FAMILY = "1,2";
			};
			name = Debug;
		};
		A5D24FC52688D11000F8A0DA /* Release */ = {
			isa = XCBuildConfiguration;
			baseConfigurationReference = 614D9AA234558E6FFAD6F277 /* Pods-GameNet.UIKit.release.xcconfig */;
			buildSettings = {
				ASSETCATALOG_COMPILER_APPICON_NAME = AppIcon;
				ASSETCATALOG_COMPILER_GLOBAL_ACCENT_COLOR_NAME = AccentColor;
				CODE_SIGN_STYLE = Automatic;
				DEVELOPMENT_TEAM = KB2R5P3BHU;
				INFOPLIST_FILE = GameNet.UIKit/Info.plist;
				LD_RUNPATH_SEARCH_PATHS = (
					"$(inherited)",
					"@executable_path/Frameworks",
				);
				PRODUCT_BUNDLE_IDENTIFIER = "com.alliston.GameNet-UIKit";
				PRODUCT_NAME = "$(TARGET_NAME)";
				SWIFT_VERSION = 5.0;
				TARGETED_DEVICE_FAMILY = "1,2";
			};
			name = Release;
		};
/* End XCBuildConfiguration section */

/* Begin XCConfigurationList section */
		A5D24FAA2688D11000F8A0DA /* Build configuration list for PBXProject "GameNet.UIKit" */ = {
			isa = XCConfigurationList;
			buildConfigurations = (
				A5D24FC12688D11000F8A0DA /* Debug */,
				A5D24FC22688D11000F8A0DA /* Release */,
			);
			defaultConfigurationIsVisible = 0;
			defaultConfigurationName = Release;
		};
		A5D24FC32688D11000F8A0DA /* Build configuration list for PBXNativeTarget "GameNet.UIKit" */ = {
			isa = XCConfigurationList;
			buildConfigurations = (
				A5D24FC42688D11000F8A0DA /* Debug */,
				A5D24FC52688D11000F8A0DA /* Release */,
			);
			defaultConfigurationIsVisible = 0;
			defaultConfigurationName = Release;
		};
/* End XCConfigurationList section */
	};
	rootObject = A5D24FA72688D11000F8A0DA /* Project object */;
}
